Microsoft Visual Studio Solution File, Format Version 12.00
# Visual Studio Version 17
VisualStudioVersion = 17.5.2.0
MinimumVisualStudioVersion = 10.0.40219.1
Project("{2150E333-8FDC-42A3-9474-1A3956D46DE8}") = "tests", "tests", "{0AB3BF05-4346-4AA6-1389-037BE0695223}"
EndProject
Project("{2150E333-8FDC-42A3-9474-1A3956D46DE8}") = "src", "src", "{827E0CD3-B72D-47B6-A68D-7590B98EB39B}"
EndProject
Project("{FAE04EC0-301F-11D3-BF4B-00C04F79EFBC}") = "Infrastructure.IntegrationTests", "tests\Infrastructure.IntegrationTests\Infrastructure.IntegrationTests.csproj", "{23D9AA7C-F181-96B6-6F47-F4921558BF13}"
EndProject
Project("{FAE04EC0-301F-11D3-BF4B-00C04F79EFBC}") = "Application.UnitTests", "tests\Application.UnitTests\Application.UnitTests.csproj", "{7228166F-51EE-9999-FD7F-10400C07267D}"
EndProject
Project("{FAE04EC0-301F-11D3-BF4B-00C04F79EFBC}") = "Web.AcceptanceTests", "tests\Web.AcceptanceTests\Web.AcceptanceTests.csproj", "{774D7BD6-D01F-0B5F-8B3F-E6C3200D2C12}"
EndProject
Project("{FAE04EC0-301F-11D3-BF4B-00C04F79EFBC}") = "Application.FunctionalTests", "tests\Application.FunctionalTests\Application.FunctionalTests.csproj", "{80D949B2-5043-577D-0032-3A6034966834}"
EndProject
Project("{FAE04EC0-301F-11D3-BF4B-00C04F79EFBC}") = "TestAppHost", "tests\TestAppHost\TestAppHost.csproj", "{022D3C5F-A781-A0DA-42E6-20BB365BFB62}"
EndProject
Project("{FAE04EC0-301F-11D3-BF4B-00C04F79EFBC}") = "Domain.UnitTests", "tests\Domain.UnitTests\Domain.UnitTests.csproj", "{EE99913A-B0C8-C1EC-F8E3-AB9FE1262338}"
EndProject
Project("{FAE04EC0-301F-11D3-BF4B-00C04F79EFBC}") = "Web", "src\Web\Web.csproj", "{E5706BEE-C3FB-E7BE-641A-413C1A61D716}"
EndProject
Project("{FAE04EC0-301F-11D3-BF4B-00C04F79EFBC}") = "AppHost", "src\AppHost\AppHost.csproj", "{BB9C41FD-1395-49AC-C085-55B269795333}"
EndProject
Project("{FAE04EC0-301F-11D3-BF4B-00C04F79EFBC}") = "ServiceDefaults", "src\ServiceDefaults\ServiceDefaults.csproj", "{E3C0E21B-371B-ACD5-5FF0-77C353D89E20}"
EndProject
Project("{FAE04EC0-301F-11D3-BF4B-00C04F79EFBC}") = "Shared", "src\Shared\Shared.csproj", "{99507BA0-BB0B-3FD9-D8E2-2AE9B409CB73}"
EndProject
Project("{FAE04EC0-301F-11D3-BF4B-00C04F79EFBC}") = "Application", "src\Application\Application.csproj", "{5BDAB160-5258-45DA-1CDF-4BFCF367E785}"
EndProject
Project("{FAE04EC0-301F-11D3-BF4B-00C04F79EFBC}") = "Infrastructure", "src\Infrastructure\Infrastructure.csproj", "{3D745DFE-AF9A-E111-755D-FD3FFF280728}"
EndProject
Project("{FAE04EC0-301F-11D3-BF4B-00C04F79EFBC}") = "Domain", "src\Domain\Domain.csproj", "{87EDA1D2-4B5B-E524-38CE-D0BFCA5F4D6B}"
EndProject
Global
	GlobalSection(SolutionConfigurationPlatforms) = preSolution
		Debug|Any CPU = Debug|Any CPU
		Release|Any CPU = Release|Any CPU
	EndGlobalSection
	GlobalSection(ProjectConfigurationPlatforms) = postSolution
		{23D9AA7C-F181-96B6-6F47-F4921558BF13}.Debug|Any CPU.ActiveCfg = Debug|Any CPU
		{23D9AA7C-F181-96B6-6F47-F4921558BF13}.Debug|Any CPU.Build.0 = Debug|Any CPU
		{23D9AA7C-F181-96B6-6F47-F4921558BF13}.Release|Any CPU.ActiveCfg = Release|Any CPU
		{23D9AA7C-F181-96B6-6F47-F4921558BF13}.Release|Any CPU.Build.0 = Release|Any CPU
		{7228166F-51EE-9999-FD7F-10400C07267D}.Debug|Any CPU.ActiveCfg = Debug|Any CPU
		{7228166F-51EE-9999-FD7F-10400C07267D}.Debug|Any CPU.Build.0 = Debug|Any CPU
		{7228166F-51EE-9999-FD7F-10400C07267D}.Release|Any CPU.ActiveCfg = Release|Any CPU
		{7228166F-51EE-9999-FD7F-10400C07267D}.Release|Any CPU.Build.0 = Release|Any CPU
		{774D7BD6-D01F-0B5F-8B3F-E6C3200D2C12}.Debug|Any CPU.ActiveCfg = Debug|Any CPU
		{774D7BD6-D01F-0B5F-8B3F-E6C3200D2C12}.Debug|Any CPU.Build.0 = Debug|Any CPU
		{774D7BD6-D01F-0B5F-8B3F-E6C3200D2C12}.Release|Any CPU.ActiveCfg = Release|Any CPU
		{774D7BD6-D01F-0B5F-8B3F-E6C3200D2C12}.Release|Any CPU.Build.0 = Release|Any CPU
		{80D949B2-5043-577D-0032-3A6034966834}.Debug|Any CPU.ActiveCfg = Debug|Any CPU
		{80D949B2-5043-577D-0032-3A6034966834}.Debug|Any CPU.Build.0 = Debug|Any CPU
		{80D949B2-5043-577D-0032-3A6034966834}.Release|Any CPU.ActiveCfg = Release|Any CPU
		{80D949B2-5043-577D-0032-3A6034966834}.Release|Any CPU.Build.0 = Release|Any CPU
		{022D3C5F-A781-A0DA-42E6-20BB365BFB62}.Debug|Any CPU.ActiveCfg = Debug|Any CPU
		{022D3C5F-A781-A0DA-42E6-20BB365BFB62}.Debug|Any CPU.Build.0 = Debug|Any CPU
		{022D3C5F-A781-A0DA-42E6-20BB365BFB62}.Release|Any CPU.ActiveCfg = Release|Any CPU
		{022D3C5F-A781-A0DA-42E6-20BB365BFB62}.Release|Any CPU.Build.0 = Release|Any CPU
		{EE99913A-B0C8-C1EC-F8E3-AB9FE1262338}.Debug|Any CPU.ActiveCfg = Debug|Any CPU
		{EE99913A-B0C8-C1EC-F8E3-AB9FE1262338}.Debug|Any CPU.Build.0 = Debug|Any CPU
		{EE99913A-B0C8-C1EC-F8E3-AB9FE1262338}.Release|Any CPU.ActiveCfg = Release|Any CPU
		{EE99913A-B0C8-C1EC-F8E3-AB9FE1262338}.Release|Any CPU.Build.0 = Release|Any CPU
		{E5706BEE-C3FB-E7BE-641A-413C1A61D716}.Debug|Any CPU.ActiveCfg = Debug|Any CPU
		{E5706BEE-C3FB-E7BE-641A-413C1A61D716}.Debug|Any CPU.Build.0 = Debug|Any CPU
		{E5706BEE-C3FB-E7BE-641A-413C1A61D716}.Release|Any CPU.ActiveCfg = Release|Any CPU
		{E5706BEE-C3FB-E7BE-641A-413C1A61D716}.Release|Any CPU.Build.0 = Release|Any CPU
		{BB9C41FD-1395-49AC-C085-55B269795333}.Debug|Any CPU.ActiveCfg = Debug|Any CPU
		{BB9C41FD-1395-49AC-C085-55B269795333}.Debug|Any CPU.Build.0 = Debug|Any CPU
		{BB9C41FD-1395-49AC-C085-55B269795333}.Release|Any CPU.ActiveCfg = Release|Any CPU
		{BB9C41FD-1395-49AC-C085-55B269795333}.Release|Any CPU.Build.0 = Release|Any CPU
		{E3C0E21B-371B-ACD5-5FF0-77C353D89E20}.Debug|Any CPU.ActiveCfg = Debug|Any CPU
		{E3C0E21B-371B-ACD5-5FF0-77C353D89E20}.Debug|Any CPU.Build.0 = Debug|Any CPU
		{E3C0E21B-371B-ACD5-5FF0-77C353D89E20}.Release|Any CPU.ActiveCfg = Release|Any CPU
		{E3C0E21B-371B-ACD5-5FF0-77C353D89E20}.Release|Any CPU.Build.0 = Release|Any CPU
		{99507BA0-BB0B-3FD9-D8E2-2AE9B409CB73}.Debug|Any CPU.ActiveCfg = Debug|Any CPU
		{99507BA0-BB0B-3FD9-D8E2-2AE9B409CB73}.Debug|Any CPU.Build.0 = Debug|Any CPU
		{99507BA0-BB0B-3FD9-D8E2-2AE9B409CB73}.Release|Any CPU.ActiveCfg = Release|Any CPU
		{99507BA0-BB0B-3FD9-D8E2-2AE9B409CB73}.Release|Any CPU.Build.0 = Release|Any CPU
		{5BDAB160-5258-45DA-1CDF-4BFCF367E785}.Debug|Any CPU.ActiveCfg = Debug|Any CPU
		{5BDAB160-5258-45DA-1CDF-4BFCF367E785}.Debug|Any CPU.Build.0 = Debug|Any CPU
		{5BDAB160-5258-45DA-1CDF-4BFCF367E785}.Release|Any CPU.ActiveCfg = Release|Any CPU
		{5BDAB160-5258-45DA-1CDF-4BFCF367E785}.Release|Any CPU.Build.0 = Release|Any CPU
		{3D745DFE-AF9A-E111-755D-FD3FFF280728}.Debug|Any CPU.ActiveCfg = Debug|Any CPU
		{3D745DFE-AF9A-E111-755D-FD3FFF280728}.Debug|Any CPU.Build.0 = Debug|Any CPU
		{3D745DFE-AF9A-E111-755D-FD3FFF280728}.Release|Any CPU.ActiveCfg = Release|Any CPU
		{3D745DFE-AF9A-E111-755D-FD3FFF280728}.Release|Any CPU.Build.0 = Release|Any CPU
		{87EDA1D2-4B5B-E524-38CE-D0BFCA5F4D6B}.Debug|Any CPU.ActiveCfg = Debug|Any CPU
		{87EDA1D2-4B5B-E524-38CE-D0BFCA5F4D6B}.Debug|Any CPU.Build.0 = Debug|Any CPU
		{87EDA1D2-4B5B-E524-38CE-D0BFCA5F4D6B}.Release|Any CPU.ActiveCfg = Release|Any CPU
		{87EDA1D2-4B5B-E524-38CE-D0BFCA5F4D6B}.Release|Any CPU.Build.0 = Release|Any CPU
	EndGlobalSection
	GlobalSection(SolutionProperties) = preSolution
		HideSolutionNode = FALSE
	EndGlobalSection
	GlobalSection(NestedProjects) = preSolution
		{23D9AA7C-F181-96B6-6F47-F4921558BF13} = {0AB3BF05-4346-4AA6-1389-037BE0695223}
		{7228166F-51EE-9999-FD7F-10400C07267D} = {0AB3BF05-4346-4AA6-1389-037BE0695223}
		{774D7BD6-D01F-0B5F-8B3F-E6C3200D2C12} = {0AB3BF05-4346-4AA6-1389-037BE0695223}
		{80D949B2-5043-577D-0032-3A6034966834} = {0AB3BF05-4346-4AA6-1389-037BE0695223}
		{022D3C5F-A781-A0DA-42E6-20BB365BFB62} = {0AB3BF05-4346-4AA6-1389-037BE0695223}
		{EE99913A-B0C8-C1EC-F8E3-AB9FE1262338} = {0AB3BF05-4346-4AA6-1389-037BE0695223}
		{E5706BEE-C3FB-E7BE-641A-413C1A61D716} = {827E0CD3-B72D-47B6-A68D-7590B98EB39B}
		{BB9C41FD-1395-49AC-C085-55B269795333} = {827E0CD3-B72D-47B6-A68D-7590B98EB39B}
		{E3C0E21B-371B-ACD5-5FF0-77C353D89E20} = {827E0CD3-B72D-47B6-A68D-7590B98EB39B}
		{99507BA0-BB0B-3FD9-D8E2-2AE9B409CB73} = {827E0CD3-B72D-47B6-A68D-7590B98EB39B}
		{5BDAB160-5258-45DA-1CDF-4BFCF367E785} = {827E0CD3-B72D-47B6-A68D-7590B98EB39B}
		{3D745DFE-AF9A-E111-755D-FD3FFF280728} = {827E0CD3-B72D-47B6-A68D-7590B98EB39B}
		{87EDA1D2-4B5B-E524-38CE-D0BFCA5F4D6B} = {827E0CD3-B72D-47B6-A68D-7590B98EB39B}
	EndGlobalSection
	GlobalSection(ExtensibilityGlobals) = postSolution
		SolutionGuid = {7E99BDF5-CEFA-4878-B232-AAD5A788B618}
	EndGlobalSection
EndGlobal
